
Microsoft Visual Studio Solution File, Format Version 12.00
# Visual Studio Version 16
VisualStudioVersion = 16.0.31702.278
MinimumVisualStudioVersion = 10.0.40219.1
Project("{FAE04EC0-301F-11D3-BF4B-00C04F79EFBC}") = "2 example", "2 example.csproj", "{63414C2F-920B-42C7-B872-FEF2532B5283}"
EndProject
Global
	GlobalSection(SolutionConfigurationPlatforms) = preSolution
		Debug|Any CPU = Debug|Any CPU
		Release|Any CPU = Release|Any CPU
	EndGlobalSection
	GlobalSection(ProjectConfigurationPlatforms) = postSolution
		{63414C2F-920B-42C7-B872-FEF2532B5283}.Debug|Any CPU.ActiveCfg = Debug|Any CPU
		{63414C2F-920B-42C7-B872-FEF2532B5283}.Debug|Any CPU.Build.0 = Debug|Any CPU
		{63414C2F-920B-42C7-B872-FEF2532B5283}.Release|Any CPU.ActiveCfg = Release|Any CPU
		{63414C2F-920B-42C7-B872-FEF2532B5283}.Release|Any CPU.Build.0 = Release|Any CPU
	EndGlobalSection
	GlobalSection(SolutionProperties) = preSolution
		HideSolutionNode = FALSE
	EndGlobalSection
	GlobalSection(ExtensibilityGlobals) = postSolution
		SolutionGuid = {2ED1C596-EC88-4AB4-B7FA-47DCE3589D0F}
	EndGlobalSection
EndGlobal
