
Microsoft Visual Studio Solution File, Format Version 12.00
# Visual Studio Version 16
VisualStudioVersion = 16.0.31702.278
MinimumVisualStudioVersion = 10.0.40219.1
Project("{FAE04EC0-301F-11D3-BF4B-00C04F79EFBC}") = "7", "7.csproj", "{72A3B3CC-173A-4F2B-87F3-2DAFF71A7D2C}"
EndProject
Global
	GlobalSection(SolutionConfigurationPlatforms) = preSolution
		Debug|Any CPU = Debug|Any CPU
		Release|Any CPU = Release|Any CPU
	EndGlobalSection
	GlobalSection(ProjectConfigurationPlatforms) = postSolution
		{72A3B3CC-173A-4F2B-87F3-2DAFF71A7D2C}.Debug|Any CPU.ActiveCfg = Debug|Any CPU
		{72A3B3CC-173A-4F2B-87F3-2DAFF71A7D2C}.Debug|Any CPU.Build.0 = Debug|Any CPU
		{72A3B3CC-173A-4F2B-87F3-2DAFF71A7D2C}.Release|Any CPU.ActiveCfg = Release|Any CPU
		{72A3B3CC-173A-4F2B-87F3-2DAFF71A7D2C}.Release|Any CPU.Build.0 = Release|Any CPU
	EndGlobalSection
	GlobalSection(SolutionProperties) = preSolution
		HideSolutionNode = FALSE
	EndGlobalSection
	GlobalSection(ExtensibilityGlobals) = postSolution
		SolutionGuid = {A52FC274-02CA-4A2F-ADC8-20ABD2C6CD01}
	EndGlobalSection
EndGlobal
