
Microsoft Visual Studio Solution File, Format Version 12.00
# Visual Studio Version 16
VisualStudioVersion = 16.0.31702.278
MinimumVisualStudioVersion = 10.0.40219.1
Project("{FAE04EC0-301F-11D3-BF4B-00C04F79EFBC}") = "1 example", "1 example.csproj", "{4CA7A0C9-110D-43B2-B05E-91A8FD8CA84E}"
EndProject
Global
	GlobalSection(SolutionConfigurationPlatforms) = preSolution
		Debug|Any CPU = Debug|Any CPU
		Release|Any CPU = Release|Any CPU
	EndGlobalSection
	GlobalSection(ProjectConfigurationPlatforms) = postSolution
		{4CA7A0C9-110D-43B2-B05E-91A8FD8CA84E}.Debug|Any CPU.ActiveCfg = Debug|Any CPU
		{4CA7A0C9-110D-43B2-B05E-91A8FD8CA84E}.Debug|Any CPU.Build.0 = Debug|Any CPU
		{4CA7A0C9-110D-43B2-B05E-91A8FD8CA84E}.Release|Any CPU.ActiveCfg = Release|Any CPU
		{4CA7A0C9-110D-43B2-B05E-91A8FD8CA84E}.Release|Any CPU.Build.0 = Release|Any CPU
	EndGlobalSection
	GlobalSection(SolutionProperties) = preSolution
		HideSolutionNode = FALSE
	EndGlobalSection
	GlobalSection(ExtensibilityGlobals) = postSolution
		SolutionGuid = {06133996-E09A-4675-8658-9E7C5F940817}
	EndGlobalSection
EndGlobal
