
Microsoft Visual Studio Solution File, Format Version 12.00
# Visual Studio Version 16
VisualStudioVersion = 16.0.31702.278
MinimumVisualStudioVersion = 10.0.40219.1
Project("{FAE04EC0-301F-11D3-BF4B-00C04F79EFBC}") = "2", "2.csproj", "{59C63296-3627-453C-A7A7-75AC60FAF789}"
EndProject
Global
	GlobalSection(SolutionConfigurationPlatforms) = preSolution
		Debug|Any CPU = Debug|Any CPU
		Release|Any CPU = Release|Any CPU
	EndGlobalSection
	GlobalSection(ProjectConfigurationPlatforms) = postSolution
		{59C63296-3627-453C-A7A7-75AC60FAF789}.Debug|Any CPU.ActiveCfg = Debug|Any CPU
		{59C63296-3627-453C-A7A7-75AC60FAF789}.Debug|Any CPU.Build.0 = Debug|Any CPU
		{59C63296-3627-453C-A7A7-75AC60FAF789}.Release|Any CPU.ActiveCfg = Release|Any CPU
		{59C63296-3627-453C-A7A7-75AC60FAF789}.Release|Any CPU.Build.0 = Release|Any CPU
	EndGlobalSection
	GlobalSection(SolutionProperties) = preSolution
		HideSolutionNode = FALSE
	EndGlobalSection
	GlobalSection(ExtensibilityGlobals) = postSolution
		SolutionGuid = {DCA3DD31-C452-4572-823B-1509D2A5233C}
	EndGlobalSection
EndGlobal
